# -------------------------------------------------------------------------- #
#
# Copyright (C) 2020  Intel Corporation. All rights reserved.
# Your use of Intel Corporation's design tools, logic functions 
# and other software and tools, and any partner logic 
# functions, and any output files from any of the foregoing 
# (including device programming or simulation files), and any 
# associated documentation or information are expressly subject 
# to the terms and conditions of the Intel Program License 
# Subscription Agreement, the Intel Quartus Prime License Agreement,
# the Intel FPGA IP License Agreement, or other applicable license
# agreement, including, without limitation, that your use is for
# the sole purpose of programming logic devices manufactured by
# Intel and sold by Intel or its authorized distributors.  Please
# refer to the applicable agreement for further details, at
# https://fpgasoftware.intel.com/eula.
#
# -------------------------------------------------------------------------- #
#
# Quartus Prime
# Version 20.1.0 Build 711 06/05/2020 SJ Lite Edition
# Date created = 16:17:15  April 10, 2026
#
# -------------------------------------------------------------------------- #
#
# Notes:
#
# 1) The default values for assignments are stored in the file:
#		pipeline_riscv_assignment_defaults.qdf
#    If this file doesn't exist, see file:
#		assignment_defaults.qdf
#
# 2) Altera recommends that you do not modify this file. This
#    file is updated automatically by the Quartus Prime software
#    and any changes you make may be lost or overwritten.
#
# -------------------------------------------------------------------------- #


set_global_assignment -name FAMILY "MAX 10"
set_global_assignment -name DEVICE 10M50DAF484C7G
set_global_assignment -name TOP_LEVEL_ENTITY Memory_Cycle
set_global_assignment -name ORIGINAL_QUARTUS_VERSION 20.1.0
set_global_assignment -name PROJECT_CREATION_TIME_DATE "16:17:15  APRIL 10, 2026"
set_global_assignment -name LAST_QUARTUS_VERSION "20.1.0 Lite Edition"
set_global_assignment -name PROJECT_OUTPUT_DIRECTORY output_files
set_global_assignment -name MIN_CORE_JUNCTION_TEMP 0
set_global_assignment -name MAX_CORE_JUNCTION_TEMP 85
set_global_assignment -name ERROR_CHECK_FREQUENCY_DIVISOR 256
set_global_assignment -name VERILOG_FILE CORE/Fetch_Cycle.v
set_global_assignment -name VERILOG_FILE CORE/PC_MUX.v
set_global_assignment -name VERILOG_FILE CORE/Program_Counter.v
set_global_assignment -name VERILOG_FILE CORE/Instr_Memory.v
set_global_assignment -name VERILOG_FILE CORE/PC_Adder.v
set_global_assignment -name VERILOG_FILE CORE/Decode_Cycle.v
set_global_assignment -name VERILOG_FILE CORE/tb_Fetch_Cycle.v
set_global_assignment -name POWER_PRESET_COOLING_SOLUTION "23 MM HEAT SINK WITH 200 LFPM AIRFLOW"
set_global_assignment -name POWER_BOARD_THERMAL_MODEL "NONE (CONSERVATIVE)"
set_global_assignment -name EDA_SIMULATION_TOOL "ModelSim-Altera (Verilog)"
set_global_assignment -name EDA_TIME_SCALE "1 ps" -section_id eda_simulation
set_global_assignment -name EDA_OUTPUT_DATA_FORMAT "VERILOG HDL" -section_id eda_simulation
set_global_assignment -name EDA_TEST_BENCH_ENABLE_STATUS TEST_BENCH_MODE -section_id eda_simulation
set_global_assignment -name EDA_NATIVELINK_SIMULATION_TEST_BENCH tb_Hazard_Unit -section_id eda_simulation
set_global_assignment -name EDA_TEST_BENCH_NAME tb_Fetch_Cycle -section_id eda_simulation
set_global_assignment -name EDA_DESIGN_INSTANCE_NAME NA -section_id tb_Fetch_Cycle
set_global_assignment -name EDA_TEST_BENCH_MODULE_NAME tb_Fetch_Cycle -section_id tb_Fetch_Cycle
set_global_assignment -name VERILOG_FILE CORE/Control_Unit.v
set_global_assignment -name VERILOG_FILE CORE/Main_Decoder.v
set_global_assignment -name VERILOG_FILE CORE/Control.v
set_global_assignment -name VERILOG_FILE CORE/ALU_Decoder.v
set_global_assignment -name VERILOG_FILE CORE/tb_Control_Unit.v
set_global_assignment -name EDA_TEST_BENCH_NAME tb_Control_Unit -section_id eda_simulation
set_global_assignment -name EDA_DESIGN_INSTANCE_NAME NA -section_id tb_Control_Unit
set_global_assignment -name EDA_TEST_BENCH_MODULE_NAME tb_Control_Unit -section_id tb_Control_Unit
set_global_assignment -name VERILOG_FILE CORE/Register_File.v
set_global_assignment -name VERILOG_FILE CORE/ImmGen.v
set_global_assignment -name VERILOG_FILE CORE/tb_Decode_Cycle.v
set_global_assignment -name EDA_TEST_BENCH_NAME tb_Decode_Cycle -section_id eda_simulation
set_global_assignment -name EDA_DESIGN_INSTANCE_NAME NA -section_id tb_Decode_Cycle
set_global_assignment -name EDA_TEST_BENCH_MODULE_NAME tb_Decode_Cycle -section_id tb_Decode_Cycle
set_global_assignment -name VERILOG_FILE CORE/Execute_Cycle.v
set_global_assignment -name VERILOG_FILE CORE/Mux_3_by_1.v
set_global_assignment -name VERILOG_FILE CORE/ALU.v
set_global_assignment -name VERILOG_FILE CORE/Branch_Unit.v
set_global_assignment -name VERILOG_FILE CORE/tb_Execute_Cycle.v
set_global_assignment -name EDA_TEST_BENCH_NAME tb_Execute_Cycle -section_id eda_simulation
set_global_assignment -name EDA_DESIGN_INSTANCE_NAME NA -section_id tb_Execute_Cycle
set_global_assignment -name EDA_TEST_BENCH_MODULE_NAME tb_Execute_Cycle -section_id tb_Execute_Cycle
set_global_assignment -name VERILOG_FILE CORE/Data_RAM.v
set_global_assignment -name ENABLE_OCT_DONE ON
set_global_assignment -name EXTERNAL_FLASH_FALLBACK_ADDRESS 00000000
set_global_assignment -name USE_CONFIGURATION_DEVICE OFF
set_global_assignment -name INTERNAL_FLASH_UPDATE_MODE "SINGLE COMP IMAGE WITH ERAM"
set_global_assignment -name CRC_ERROR_OPEN_DRAIN OFF
set_global_assignment -name OUTPUT_IO_TIMING_NEAR_END_VMEAS "HALF VCCIO" -rise
set_global_assignment -name OUTPUT_IO_TIMING_NEAR_END_VMEAS "HALF VCCIO" -fall
set_global_assignment -name OUTPUT_IO_TIMING_FAR_END_VMEAS "HALF SIGNAL SWING" -rise
set_global_assignment -name OUTPUT_IO_TIMING_FAR_END_VMEAS "HALF SIGNAL SWING" -fall
set_global_assignment -name VERILOG_FILE CORE/Memory_Cycle.v
set_global_assignment -name VERILOG_FILE CORE/tb_Memory_Cycle.v
set_global_assignment -name EDA_TEST_BENCH_NAME tb_Memory_Cycle -section_id eda_simulation
set_global_assignment -name EDA_DESIGN_INSTANCE_NAME NA -section_id tb_Memory_Cycle
set_global_assignment -name EDA_TEST_BENCH_MODULE_NAME tb_Memory_Cycle -section_id tb_Memory_Cycle
set_global_assignment -name VERILOG_FILE CORE/Writeback_Cycle.v
set_global_assignment -name VERILOG_FILE CORE/tb_Writeback_Cycle.v
set_global_assignment -name EDA_TEST_BENCH_NAME tb_Writeback_Cycle -section_id eda_simulation
set_global_assignment -name EDA_DESIGN_INSTANCE_NAME NA -section_id tb_Writeback_Cycle
set_global_assignment -name EDA_TEST_BENCH_MODULE_NAME tb_Writeback_Cycle -section_id tb_Writeback_Cycle
set_global_assignment -name VERILOG_FILE CORE/Forwarding_Unit.v
set_global_assignment -name VERILOG_FILE CORE/tb_Forwarding_Unit.v
set_global_assignment -name EDA_TEST_BENCH_NAME tb_Forwarding_Unit -section_id eda_simulation
set_global_assignment -name EDA_DESIGN_INSTANCE_NAME NA -section_id tb_Forwarding_Unit
set_global_assignment -name EDA_TEST_BENCH_MODULE_NAME tb_Forwarding_Unit -section_id tb_Forwarding_Unit
set_global_assignment -name VERILOG_FILE CORE/Stall_Unit.v
set_global_assignment -name VERILOG_FILE CORE/Hazard_Unit.v
set_global_assignment -name VERILOG_FILE CORE/tb_Hazard_Unit.v
set_global_assignment -name EDA_TEST_BENCH_FILE CORE/tb_Fetch_Cycle.v -section_id tb_Fetch_Cycle
set_global_assignment -name EDA_TEST_BENCH_FILE CORE/tb_Control_Unit.v -section_id tb_Control_Unit
set_global_assignment -name EDA_TEST_BENCH_FILE CORE/tb_Decode_Cycle.v -section_id tb_Decode_Cycle
set_global_assignment -name EDA_TEST_BENCH_FILE CORE/tb_Execute_Cycle.v -section_id tb_Execute_Cycle
set_global_assignment -name EDA_TEST_BENCH_FILE CORE/tb_Memory_Cycle.v -section_id tb_Memory_Cycle
set_global_assignment -name EDA_TEST_BENCH_FILE CORE/tb_Writeback_Cycle.v -section_id tb_Writeback_Cycle
set_global_assignment -name EDA_TEST_BENCH_FILE CORE/tb_Forwarding_Unit.v -section_id tb_Forwarding_Unit
set_global_assignment -name EDA_TEST_BENCH_NAME tb_Hazard_Unit -section_id eda_simulation
set_global_assignment -name EDA_DESIGN_INSTANCE_NAME NA -section_id tb_Hazard_Unit
set_global_assignment -name EDA_TEST_BENCH_MODULE_NAME tb_Hazard_Unit -section_id tb_Hazard_Unit
set_global_assignment -name EDA_TEST_BENCH_FILE CORE/tb_Hazard_Unit.v -section_id tb_Hazard_Unit
set_global_assignment -name PARTITION_NETLIST_TYPE SOURCE -section_id Top
set_global_assignment -name PARTITION_FITTER_PRESERVATION_LEVEL PLACEMENT_AND_ROUTING -section_id Top
set_global_assignment -name PARTITION_COLOR 16764057 -section_id Top
set_instance_assignment -name PARTITION_HIERARCHY root_partition -to | -section_id Top